# THIS IS AN AUTOGENERATED FILE. DO NOT EDIT THIS FILE DIRECTLY.
# yarn lockfile v1


"@react-native-community/picker@^1.8.0":
  version "1.8.1"
  resolved "https://registry.yarnpkg.com/@react-native-community/picker/-/picker-1.8.1.tgz#94f14f0aad98fa7592967b941be97deec95c3805"
  integrity sha512-Sj9DzX1CSnmYiuEQ5fQhExoo4XjSKoZkqLPAAybycq6RHtCuWppf+eJXRMCOJki25BlKSSt+qVqg0fIe//ujNQ==

"@react-native-picker/picker@^2.3.1":
  version "2.3.1"
  resolved "https://registry.yarnpkg.com/@react-native-picker/picker/-/picker-2.3.1.tgz#e77e14c351605afdf4bd5fe93fa1fe381cc6ad27"
  integrity sha512-DAw1o3bHNRnQPImsK53xCYkgC8bH+t9uTM+0JjNIlmMwvVLFnmDxi9v5iBTIWFMWG/pUHQaw66E29wW6oJG9Tw==

moment@^2.29.1:
  version "2.29.1"
  resolved "https://registry.yarnpkg.com/moment/-/moment-2.29.1.tgz#b2be769fa31940be9eeea6469c075e35006fa3d3"
  integrity sha512-kHmoybcPV8Sqy59DwNDY3Jefr64lK/by/da0ViFcuA4DH0vQg5Q6Ze5VimxkfQNSC+Mls/Kx53s7TjP1RhFEDQ==
